
Microsoft Visual Studio Solution File, Format Version 12.00
# Visual Studio 15
VisualStudioVersion = 15.0.26124.0
MinimumVisualStudioVersion = 15.0.26124.0
Project("{2150E333-8FDC-42A3-9474-1A3956D46DE8}") = "src", "src", "{0BCC2709-E7D7-479F-AB6E-37CCE21AC5F5}"
EndProject
Project("{FAE04EC0-301F-11D3-BF4B-00C04F79EFBC}") = "DynamodbWebApi", "src\DynamodbWebApi\DynamodbWebApi.csproj", "{0D7D0BE7-00FA-4270-8ABD-E15FE21CBC11}"
EndProject
Global
	GlobalSection(SolutionConfigurationPlatforms) = preSolution
		Debug|Any CPU = Debug|Any CPU
		Debug|x64 = Debug|x64
		Debug|x86 = Debug|x86
		Release|Any CPU = Release|Any CPU
		Release|x64 = Release|x64
		Release|x86 = Release|x86
	EndGlobalSection
	GlobalSection(SolutionProperties) = preSolution
		HideSolutionNode = FALSE
	EndGlobalSection
	GlobalSection(ProjectConfigurationPlatforms) = postSolution
		{0D7D0BE7-00FA-4270-8ABD-E15FE21CBC11}.Debug|Any CPU.ActiveCfg = Debug|Any CPU
		{0D7D0BE7-00FA-4270-8ABD-E15FE21CBC11}.Debug|Any CPU.Build.0 = Debug|Any CPU
		{0D7D0BE7-00FA-4270-8ABD-E15FE21CBC11}.Debug|x64.ActiveCfg = Debug|Any CPU
		{0D7D0BE7-00FA-4270-8ABD-E15FE21CBC11}.Debug|x64.Build.0 = Debug|Any CPU
		{0D7D0BE7-00FA-4270-8ABD-E15FE21CBC11}.Debug|x86.ActiveCfg = Debug|Any CPU
		{0D7D0BE7-00FA-4270-8ABD-E15FE21CBC11}.Debug|x86.Build.0 = Debug|Any CPU
		{0D7D0BE7-00FA-4270-8ABD-E15FE21CBC11}.Release|Any CPU.ActiveCfg = Release|Any CPU
		{0D7D0BE7-00FA-4270-8ABD-E15FE21CBC11}.Release|Any CPU.Build.0 = Release|Any CPU
		{0D7D0BE7-00FA-4270-8ABD-E15FE21CBC11}.Release|x64.ActiveCfg = Release|Any CPU
		{0D7D0BE7-00FA-4270-8ABD-E15FE21CBC11}.Release|x64.Build.0 = Release|Any CPU
		{0D7D0BE7-00FA-4270-8ABD-E15FE21CBC11}.Release|x86.ActiveCfg = Release|Any CPU
		{0D7D0BE7-00FA-4270-8ABD-E15FE21CBC11}.Release|x86.Build.0 = Release|Any CPU
	EndGlobalSection
	GlobalSection(NestedProjects) = preSolution
		{0D7D0BE7-00FA-4270-8ABD-E15FE21CBC11} = {0BCC2709-E7D7-479F-AB6E-37CCE21AC5F5}
	EndGlobalSection
EndGlobal
