
Microsoft Visual Studio Solution File, Format Version 12.00
# Visual Studio Version 16
VisualStudioVersion = 16.0.30717.126
MinimumVisualStudioVersion = 10.0.40219.1
Project("{9A19103F-16F7-4668-BE54-9A1E7A4F7556}") = "FundNepalServerless", "FundNepalServerless\FundNepalServerless.csproj", "{748DF0E9-7081-40FA-AC31-72AB89DB986C}"
EndProject
Project("{9A19103F-16F7-4668-BE54-9A1E7A4F7556}") = "FundNepalMicroServices", "FundNepalMicroServices\FundNepalMicroServices.csproj", "{C5EF3048-F9BD-46FF-8A28-C44F7D98CD41}"
EndProject
Project("{9A19103F-16F7-4668-BE54-9A1E7A4F7556}") = "FundNepalMicroServices.Tests", "FundNepalMicroServices.Tests\FundNepalMicroServices.Tests.csproj", "{7174B728-D2A1-434A-BDB8-1841044D5308}"
EndProject
Project("{9A19103F-16F7-4668-BE54-9A1E7A4F7556}") = "FundNepalImage", "FundNepalImage\FundNepalImage.csproj", "{839D636A-3FFA-45D5-8A44-39319C048F13}"
EndProject
Project("{9A19103F-16F7-4668-BE54-9A1E7A4F7556}") = "FundNepalImage.Tests", "FundNepalImage.Tests\FundNepalImage.Tests.csproj", "{2C291025-F0C6-43CC-989A-BDAE05025522}"
EndProject
Global
	GlobalSection(SolutionConfigurationPlatforms) = preSolution
		Debug|Any CPU = Debug|Any CPU
		Release|Any CPU = Release|Any CPU
	EndGlobalSection
	GlobalSection(ProjectConfigurationPlatforms) = postSolution
		{748DF0E9-7081-40FA-AC31-72AB89DB986C}.Debug|Any CPU.ActiveCfg = Debug|Any CPU
		{748DF0E9-7081-40FA-AC31-72AB89DB986C}.Debug|Any CPU.Build.0 = Debug|Any CPU
		{748DF0E9-7081-40FA-AC31-72AB89DB986C}.Release|Any CPU.ActiveCfg = Release|Any CPU
		{748DF0E9-7081-40FA-AC31-72AB89DB986C}.Release|Any CPU.Build.0 = Release|Any CPU
		{C5EF3048-F9BD-46FF-8A28-C44F7D98CD41}.Debug|Any CPU.ActiveCfg = Debug|Any CPU
		{C5EF3048-F9BD-46FF-8A28-C44F7D98CD41}.Debug|Any CPU.Build.0 = Debug|Any CPU
		{C5EF3048-F9BD-46FF-8A28-C44F7D98CD41}.Release|Any CPU.ActiveCfg = Release|Any CPU
		{C5EF3048-F9BD-46FF-8A28-C44F7D98CD41}.Release|Any CPU.Build.0 = Release|Any CPU
		{7174B728-D2A1-434A-BDB8-1841044D5308}.Debug|Any CPU.ActiveCfg = Debug|Any CPU
		{7174B728-D2A1-434A-BDB8-1841044D5308}.Debug|Any CPU.Build.0 = Debug|Any CPU
		{7174B728-D2A1-434A-BDB8-1841044D5308}.Release|Any CPU.ActiveCfg = Release|Any CPU
		{7174B728-D2A1-434A-BDB8-1841044D5308}.Release|Any CPU.Build.0 = Release|Any CPU
		{839D636A-3FFA-45D5-8A44-39319C048F13}.Debug|Any CPU.ActiveCfg = Debug|Any CPU
		{839D636A-3FFA-45D5-8A44-39319C048F13}.Debug|Any CPU.Build.0 = Debug|Any CPU
		{839D636A-3FFA-45D5-8A44-39319C048F13}.Release|Any CPU.ActiveCfg = Release|Any CPU
		{839D636A-3FFA-45D5-8A44-39319C048F13}.Release|Any CPU.Build.0 = Release|Any CPU
		{2C291025-F0C6-43CC-989A-BDAE05025522}.Debug|Any CPU.ActiveCfg = Debug|Any CPU
		{2C291025-F0C6-43CC-989A-BDAE05025522}.Debug|Any CPU.Build.0 = Debug|Any CPU
		{2C291025-F0C6-43CC-989A-BDAE05025522}.Release|Any CPU.ActiveCfg = Release|Any CPU
		{2C291025-F0C6-43CC-989A-BDAE05025522}.Release|Any CPU.Build.0 = Release|Any CPU
	EndGlobalSection
	GlobalSection(SolutionProperties) = preSolution
		HideSolutionNode = FALSE
	EndGlobalSection
	GlobalSection(ExtensibilityGlobals) = postSolution
		SolutionGuid = {5B3D318B-2EAD-4619-8D8E-F2ADCD3BE886}
	EndGlobalSection
EndGlobal
