
Microsoft Visual Studio Solution File, Format Version 12.00
# Visual Studio Version 16
VisualStudioVersion = 16.0.30717.126
MinimumVisualStudioVersion = 10.0.40219.1
Project("{9A19103F-16F7-4668-BE54-9A1E7A4F7556}") = "FundNepalServerless", "FundNepalServerless\FundNepalServerless.csproj", "{748DF0E9-7081-40FA-AC31-72AB89DB986C}"
EndProject
Global
	GlobalSection(SolutionConfigurationPlatforms) = preSolution
		Debug|Any CPU = Debug|Any CPU
		Release|Any CPU = Release|Any CPU
	EndGlobalSection
	GlobalSection(ProjectConfigurationPlatforms) = postSolution
		{748DF0E9-7081-40FA-AC31-72AB89DB986C}.Debug|Any CPU.ActiveCfg = Debug|Any CPU
		{748DF0E9-7081-40FA-AC31-72AB89DB986C}.Debug|Any CPU.Build.0 = Debug|Any CPU
		{748DF0E9-7081-40FA-AC31-72AB89DB986C}.Release|Any CPU.ActiveCfg = Release|Any CPU
		{748DF0E9-7081-40FA-AC31-72AB89DB986C}.Release|Any CPU.Build.0 = Release|Any CPU
	EndGlobalSection
	GlobalSection(SolutionProperties) = preSolution
		HideSolutionNode = FALSE
	EndGlobalSection
	GlobalSection(ExtensibilityGlobals) = postSolution
		SolutionGuid = {5B3D318B-2EAD-4619-8D8E-F2ADCD3BE886}
	EndGlobalSection
EndGlobal
