
Microsoft Visual Studio Solution File, Format Version 12.00
# Visual Studio Version 16
VisualStudioVersion = 16.0.30717.126
MinimumVisualStudioVersion = 10.0.40219.1
Project("{9A19103F-16F7-4668-BE54-9A1E7A4F7556}") = "usermicroservice", "usermicroservice.csproj", "{015DB964-9AB2-403E-8E6D-243ED8ABD3E0}"
EndProject
Project("{9A19103F-16F7-4668-BE54-9A1E7A4F7556}") = "usermicroservice.Tests", "..\usermicroservice.Tests\usermicroservice.Tests.csproj", "{00B711F8-7163-4565-A919-91D63ED1080B}"
EndProject
Global
	GlobalSection(SolutionConfigurationPlatforms) = preSolution
		Debug|Any CPU = Debug|Any CPU
		Release|Any CPU = Release|Any CPU
	EndGlobalSection
	GlobalSection(ProjectConfigurationPlatforms) = postSolution
		{015DB964-9AB2-403E-8E6D-243ED8ABD3E0}.Debug|Any CPU.ActiveCfg = Debug|Any CPU
		{015DB964-9AB2-403E-8E6D-243ED8ABD3E0}.Debug|Any CPU.Build.0 = Debug|Any CPU
		{015DB964-9AB2-403E-8E6D-243ED8ABD3E0}.Release|Any CPU.ActiveCfg = Release|Any CPU
		{015DB964-9AB2-403E-8E6D-243ED8ABD3E0}.Release|Any CPU.Build.0 = Release|Any CPU
		{00B711F8-7163-4565-A919-91D63ED1080B}.Debug|Any CPU.ActiveCfg = Debug|Any CPU
		{00B711F8-7163-4565-A919-91D63ED1080B}.Debug|Any CPU.Build.0 = Debug|Any CPU
		{00B711F8-7163-4565-A919-91D63ED1080B}.Release|Any CPU.ActiveCfg = Release|Any CPU
		{00B711F8-7163-4565-A919-91D63ED1080B}.Release|Any CPU.Build.0 = Release|Any CPU
	EndGlobalSection
	GlobalSection(SolutionProperties) = preSolution
		HideSolutionNode = FALSE
	EndGlobalSection
	GlobalSection(ExtensibilityGlobals) = postSolution
		SolutionGuid = {23ABF9D9-63DE-4D71-81FF-7CF1D2907A98}
	EndGlobalSection
EndGlobal
